// !$*UTF8*$!
{
	archiveVersion = 1;
	classes = {
	};
	objectVersion = 50;
	objects = {

/* Begin PBXBuildFile section */
		18029745246EB88400371085 /* BrakeSparkEmitter.sks in Resources */ = {isa = PBXBuildFile; fileRef = 18029744246EB88400371085 /* BrakeSparkEmitter.sks */; };
		18029748246ECA4F00371085 /* HUDDelegate.swift in Sources */ = {isa = PBXBuildFile; fileRef = 18029747246ECA4F00371085 /* HUDDelegate.swift */; };
		1802974A246ECAA200371085 /* GameHUD.swift in Sources */ = {isa = PBXBuildFile; fileRef = 18029749246ECAA200371085 /* GameHUD.swift */; };
		18029750246ECE4300371085 /* chinchillOut-Font.ttf in Resources */ = {isa = PBXBuildFile; fileRef = 1802974F246ECE3C00371085 /* chinchillOut-Font.ttf */; };
		180E6DA4248BC05E000F8F21 /* WorldHalloweenController.swift in Sources */ = {isa = PBXBuildFile; fileRef = 180E6DA3248BC05E000F8F21 /* WorldHalloweenController.swift */; };
		180E6DA6248BC090000F8F21 /* WorldXmasController.swift in Sources */ = {isa = PBXBuildFile; fileRef = 180E6DA5248BC090000F8F21 /* WorldXmasController.swift */; };
		180E6DAA248BD00F000F8F21 /* halloweenBackground.mp3 in Resources */ = {isa = PBXBuildFile; fileRef = 180E6DA9248BD00F000F8F21 /* halloweenBackground.mp3 */; };
		181D60742466E14A0058E984 /* Layer.swift in Sources */ = {isa = PBXBuildFile; fileRef = 181D60732466E14A0058E984 /* Layer.swift */; };
		181D60762466EA4B0058E984 /* RepeatingLayer.swift in Sources */ = {isa = PBXBuildFile; fileRef = 181D60752466EA4B0058E984 /* RepeatingLayer.swift */; };
		181D60782466F05F0058E984 /* GameConstants.swift in Sources */ = {isa = PBXBuildFile; fileRef = 181D60772466F05F0058E984 /* GameConstants.swift */; };
		181D607A2466FB260058E984 /* Player.swift in Sources */ = {isa = PBXBuildFile; fileRef = 181D60792466FB260058E984 /* Player.swift */; };
		1821E99E246584FA006BA465 /* AppDelegate.swift in Sources */ = {isa = PBXBuildFile; fileRef = 1821E99D246584FA006BA465 /* AppDelegate.swift */; };
		1821E9A4246584FA006BA465 /* GameSceneL1W1.swift in Sources */ = {isa = PBXBuildFile; fileRef = 1821E9A3246584FA006BA465 /* GameSceneL1W1.swift */; };
		1821E9A6246584FA006BA465 /* L1W1ViewController.swift in Sources */ = {isa = PBXBuildFile; fileRef = 1821E9A5246584FA006BA465 /* L1W1ViewController.swift */; };
		1821E9A9246584FA006BA465 /* Main.storyboard in Resources */ = {isa = PBXBuildFile; fileRef = 1821E9A7246584FA006BA465 /* Main.storyboard */; };
		1821E9AB246584FB006BA465 /* Assets.xcassets in Resources */ = {isa = PBXBuildFile; fileRef = 1821E9AA246584FB006BA465 /* Assets.xcassets */; };
		1821E9AE246584FB006BA465 /* LaunchScreen.storyboard in Resources */ = {isa = PBXBuildFile; fileRef = 1821E9AC246584FB006BA465 /* LaunchScreen.storyboard */; };
		182456332492642200EB129C /* ChinchillaARViewController.swift in Sources */ = {isa = PBXBuildFile; fileRef = 182456322492642200EB129C /* ChinchillaARViewController.swift */; };
		182EBF2024813517009C95A8 /* dieSound.mp3 in Resources */ = {isa = PBXBuildFile; fileRef = 182EBF1E24813517009C95A8 /* dieSound.mp3 */; };
		182EBF2124813517009C95A8 /* completedSound.mp3 in Resources */ = {isa = PBXBuildFile; fileRef = 182EBF1F24813517009C95A8 /* completedSound.mp3 */; };
		182EBF252481411E009C95A8 /* chinchilla1.mp3 in Resources */ = {isa = PBXBuildFile; fileRef = 182EBF242481411E009C95A8 /* chinchilla1.mp3 */; };
		182EBF272481471B009C95A8 /* forestBackground.mp3 in Resources */ = {isa = PBXBuildFile; fileRef = 182EBF262481471A009C95A8 /* forestBackground.mp3 */; };
		182EBF2924814F6B009C95A8 /* fruitCollection.mp3 in Resources */ = {isa = PBXBuildFile; fileRef = 182EBF2824814F6B009C95A8 /* fruitCollection.mp3 */; };
		184C5DD72493D22E003D8ED7 /* ChinchillaARModel.swift in Sources */ = {isa = PBXBuildFile; fileRef = 184C5DD62493D22E003D8ED7 /* ChinchillaARModel.swift */; };
		184C5DD92493D312003D8ED7 /* Chinchilla.scn in Resources */ = {isa = PBXBuildFile; fileRef = 184C5DD82493D312003D8ED7 /* Chinchilla.scn */; };
		1853FBB5249A4F230040ED4F /* headbopandsniffFixed.dae in Resources */ = {isa = PBXBuildFile; fileRef = 1853FBB4249A4F230040ED4F /* headbopandsniffFixed.dae */; };
		1853FBB7249A4F5E0040ED4F /* ChinchillaUpdate.scn in Resources */ = {isa = PBXBuildFile; fileRef = 1853FBB6249A4F5E0040ED4F /* ChinchillaUpdate.scn */; };
		18648964248D094E00CEEA29 /* Level_1-1.sks in Resources */ = {isa = PBXBuildFile; fileRef = 18648963248D094E00CEEA29 /* Level_1-1.sks */; };
		18648966248D0AEB00CEEA29 /* L1W2ViewController.swift in Sources */ = {isa = PBXBuildFile; fileRef = 18648965248D0AEB00CEEA29 /* L1W2ViewController.swift */; };
		18648968248D0BA200CEEA29 /* GameSceneL1W2.swift in Sources */ = {isa = PBXBuildFile; fileRef = 18648967248D0BA200CEEA29 /* GameSceneL1W2.swift */; };
		1864896A248D11EC00CEEA29 /* SceneManagerDelegateHalloween.swift in Sources */ = {isa = PBXBuildFile; fileRef = 18648969248D11EC00CEEA29 /* SceneManagerDelegateHalloween.swift */; };
		186983B4248D6D7A00727B13 /* SceneManagerDelegateXmas.swift in Sources */ = {isa = PBXBuildFile; fileRef = 186983B3248D6D7A00727B13 /* SceneManagerDelegateXmas.swift */; };
		186983B6248D6D9A00727B13 /* L1W3ViewController.swift in Sources */ = {isa = PBXBuildFile; fileRef = 186983B5248D6D9A00727B13 /* L1W3ViewController.swift */; };
		186983B8248D6E2800727B13 /* GameSceneL1W3.swift in Sources */ = {isa = PBXBuildFile; fileRef = 186983B7248D6E2800727B13 /* GameSceneL1W3.swift */; };
		186983BA248D6EEC00727B13 /* Level_2-1.sks in Resources */ = {isa = PBXBuildFile; fileRef = 186983B9248D6EEC00727B13 /* Level_2-1.sks */; };
		1875DF9B2486CA2000D1AB69 /* Level_0-1.sks in Resources */ = {isa = PBXBuildFile; fileRef = 1875DF9A2486CA2000D1AB69 /* Level_0-1.sks */; };
		18902BCB2468312D0053771E /* PhysicsHelper.swift in Sources */ = {isa = PBXBuildFile; fileRef = 18902BCA2468312D0053771E /* PhysicsHelper.swift */; };
		18902BCD2468373F0053771E /* GroundNode.swift in Sources */ = {isa = PBXBuildFile; fileRef = 18902BCC2468373F0053771E /* GroundNode.swift */; };
		18902BCF24683E1E0053771E /* AnimationHelper.swift in Sources */ = {isa = PBXBuildFile; fileRef = 18902BCE24683E1E0053771E /* AnimationHelper.swift */; };
		18902BD1246887880053771E /* ObjectHelper.swift in Sources */ = {isa = PBXBuildFile; fileRef = 18902BD0246887880053771E /* ObjectHelper.swift */; };
		189532F7249B9C160083291D /* headbopandsniffFixed.scn in Resources */ = {isa = PBXBuildFile; fileRef = 189532F6249B9C160083291D /* headbopandsniffFixed.scn */; };
		189633CE249E33A500A11B79 /* xmasBackground.mp3 in Resources */ = {isa = PBXBuildFile; fileRef = 189633CD249E33A500A11B79 /* xmasBackground.mp3 */; };
		189633D0249E33AC00A11B79 /* washingmachine.mp3 in Resources */ = {isa = PBXBuildFile; fileRef = 189633CF249E33AB00A11B79 /* washingmachine.mp3 */; };
		189633D2249E33B400A11B79 /* birdsswearing.mp3 in Resources */ = {isa = PBXBuildFile; fileRef = 189633D1249E33B400A11B79 /* birdsswearing.mp3 */; };
		189633D4249E3F3C00A11B79 /* chinchillaAR.mp3 in Resources */ = {isa = PBXBuildFile; fileRef = 189633D3249E3F3B00A11B79 /* chinchillaAR.mp3 */; };
		189633D6249E42BF00A11B79 /* birdsswearinglong.mp3 in Resources */ = {isa = PBXBuildFile; fileRef = 189633D5249E42BF00A11B79 /* birdsswearinglong.mp3 */; };
		189633D8249E442E00A11B79 /* chirp1.mp3 in Resources */ = {isa = PBXBuildFile; fileRef = 189633D7249E442E00A11B79 /* chirp1.mp3 */; };
		189633DA249E450D00A11B79 /* chirp2.mp3 in Resources */ = {isa = PBXBuildFile; fileRef = 189633D9249E450C00A11B79 /* chirp2.mp3 */; };
		189633DC249E455500A11B79 /* chirp3.mp3 in Resources */ = {isa = PBXBuildFile; fileRef = 189633DB249E455500A11B79 /* chirp3.mp3 */; };
		18A1D431246D7CFD005425C1 /* ParticleHelper.swift in Sources */ = {isa = PBXBuildFile; fileRef = 18A1D430246D7CFD005425C1 /* ParticleHelper.swift */; };
		18A1D436246D7EA5005425C1 /* Assets.xcassets in Resources */ = {isa = PBXBuildFile; fileRef = 18A1D434246D7EA5005425C1 /* Assets.xcassets */; };
		18A1D438246D8185005425C1 /* FruitDustEmitter.sks in Resources */ = {isa = PBXBuildFile; fileRef = 18A1D437246D8185005425C1 /* FruitDustEmitter.sks */; };
		18B8866E249A4BAF00EDBDDE /* headbopandsniff.dae in Resources */ = {isa = PBXBuildFile; fileRef = 18B8866D249A4BAF00EDBDDE /* headbopandsniff.dae */; };
		18C18DA1249EB0F800D479D0 /* SceneManagerDelegateL2.swift in Sources */ = {isa = PBXBuildFile; fileRef = 18C18DA0249EB0F800D479D0 /* SceneManagerDelegateL2.swift */; };
		18C18DA3249EB17100D479D0 /* L2W1ViewController.swift in Sources */ = {isa = PBXBuildFile; fileRef = 18C18DA2249EB17100D479D0 /* L2W1ViewController.swift */; };
		18C18DA5249EB23B00D479D0 /* gameSceneL2W1.swift in Sources */ = {isa = PBXBuildFile; fileRef = 18C18DA4249EB23B00D479D0 /* gameSceneL2W1.swift */; };
		18C18DA7249EB39C00D479D0 /* Level_0-2.sks in Resources */ = {isa = PBXBuildFile; fileRef = 18C18DA6249EB39C00D479D0 /* Level_0-2.sks */; };
		18C18DA9249EBFBE00D479D0 /* SceneManagerDelegateHalloweenL2.swift in Sources */ = {isa = PBXBuildFile; fileRef = 18C18DA8249EBFBE00D479D0 /* SceneManagerDelegateHalloweenL2.swift */; };
		18C18DAB249EC31900D479D0 /* SceneManagerDelegateXmasL2.swift in Sources */ = {isa = PBXBuildFile; fileRef = 18C18DAA249EC31900D479D0 /* SceneManagerDelegateXmasL2.swift */; };
		18C18DAD249EC39900D479D0 /* L2W2ViewController.swift in Sources */ = {isa = PBXBuildFile; fileRef = 18C18DAC249EC39900D479D0 /* L2W2ViewController.swift */; };
		18C18DAF249EC3B800D479D0 /* L2W3ViewController.swift in Sources */ = {isa = PBXBuildFile; fileRef = 18C18DAE249EC3B800D479D0 /* L2W3ViewController.swift */; };
		18C18DB3249EC3FC00D479D0 /* GameSceneL2W2.swift in Sources */ = {isa = PBXBuildFile; fileRef = 18C18DB2249EC3FC00D479D0 /* GameSceneL2W2.swift */; };
		18C18DB5249EC40E00D479D0 /* GameSceneL2W3.swift in Sources */ = {isa = PBXBuildFile; fileRef = 18C18DB4249EC40E00D479D0 /* GameSceneL2W3.swift */; };
		18C18DB7249EC74300D479D0 /* Level_1-2.sks in Resources */ = {isa = PBXBuildFile; fileRef = 18C18DB6249EC74300D479D0 /* Level_1-2.sks */; };
		18C18DB9249EC74800D479D0 /* Level_2-2.sks in Resources */ = {isa = PBXBuildFile; fileRef = 18C18DB8249EC74800D479D0 /* Level_2-2.sks */; };
		18C614FC24702533009A1554 /* PopupNode.swift in Sources */ = {isa = PBXBuildFile; fileRef = 18C614FB24702533009A1554 /* PopupNode.swift */; };
		18C614FE24702564009A1554 /* ScorePopupNode.swift in Sources */ = {isa = PBXBuildFile; fileRef = 18C614FD24702564009A1554 /* ScorePopupNode.swift */; };
		18C61500247025C7009A1554 /* BannerLabel.swift in Sources */ = {isa = PBXBuildFile; fileRef = 18C614FF247025C7009A1554 /* BannerLabel.swift */; };
		18C6150224702601009A1554 /* PopupButtonHandlerDelegate.swift in Sources */ = {isa = PBXBuildFile; fileRef = 18C6150124702601009A1554 /* PopupButtonHandlerDelegate.swift */; };
		18C6150424702669009A1554 /* SpriteKitButton.swift in Sources */ = {isa = PBXBuildFile; fileRef = 18C6150324702669009A1554 /* SpriteKitButton.swift */; };
		18C615062470430E009A1554 /* ScoreManager.swift in Sources */ = {isa = PBXBuildFile; fileRef = 18C615052470430E009A1554 /* ScoreManager.swift */; };
		18D224B82493B30000E37FE5 /* walking.dae in Resources */ = {isa = PBXBuildFile; fileRef = 18D224B72493B30000E37FE5 /* walking.dae */; };
		18D224BB2493B33E00E37FE5 /* ChinTexture.png in Resources */ = {isa = PBXBuildFile; fileRef = 18D224BA2493B33E00E37FE5 /* ChinTexture.png */; };
		18D224BD2493BAAD00E37FE5 /* WalkingFixed.dae in Resources */ = {isa = PBXBuildFile; fileRef = 18D224BC2493BAAD00E37FE5 /* WalkingFixed.dae */; };
		18D894B72465AA180003EE8C /* SKNode+Extensions.swift in Sources */ = {isa = PBXBuildFile; fileRef = 18D894B62465AA180003EE8C /* SKNode+Extensions.swift */; };
		18DDC8E02465936B00503A6B /* TileSets.sks in Resources */ = {isa = PBXBuildFile; fileRef = 18DDC8DF2465936B00503A6B /* TileSets.sks */; };
		18EC529E2472B015008D7E16 /* MenuViewController.swift in Sources */ = {isa = PBXBuildFile; fileRef = 18EC529D2472B015008D7E16 /* MenuViewController.swift */; };
		18EC52A02472B184008D7E16 /* SceneManagerDelegate.swift in Sources */ = {isa = PBXBuildFile; fileRef = 18EC529F2472B184008D7E16 /* SceneManagerDelegate.swift */; };
		18EC52A22472BBAF008D7E16 /* CutsceneViewController.swift in Sources */ = {isa = PBXBuildFile; fileRef = 18EC52A12472BBAF008D7E16 /* CutsceneViewController.swift */; };
		18EC52A42472BBC0008D7E16 /* World1Controller.swift in Sources */ = {isa = PBXBuildFile; fileRef = 18EC52A32472BBC0008D7E16 /* World1Controller.swift */; };
		18EC52AA2472D021008D7E16 /* SecondCutsceneViewController.swift in Sources */ = {isa = PBXBuildFile; fileRef = 18EC52A92472D021008D7E16 /* SecondCutsceneViewController.swift */; };
		18EC52AC2472D03D008D7E16 /* ThirdCutsceneViewController.swift in Sources */ = {isa = PBXBuildFile; fileRef = 18EC52AB2472D03D008D7E16 /* ThirdCutsceneViewController.swift */; };
		18EC52AE2472D04A008D7E16 /* ForthCutsceneViewController.swift in Sources */ = {isa = PBXBuildFile; fileRef = 18EC52AD2472D04A008D7E16 /* ForthCutsceneViewController.swift */; };
		18EC52B02472D05A008D7E16 /* FifthCutsceneViewController.swift in Sources */ = {isa = PBXBuildFile; fileRef = 18EC52AF2472D05A008D7E16 /* FifthCutsceneViewController.swift */; };
		18EC52B22472D079008D7E16 /* SixthCutsceneViewController.swift in Sources */ = {isa = PBXBuildFile; fileRef = 18EC52B12472D079008D7E16 /* SixthCutsceneViewController.swift */; };
		18EC52B42472D084008D7E16 /* SeventhCutsceneViewController.swift in Sources */ = {isa = PBXBuildFile; fileRef = 18EC52B32472D084008D7E16 /* SeventhCutsceneViewController.swift */; };
		18EC52B62472D0E8008D7E16 /* EighthCutsceneViewController.swift in Sources */ = {isa = PBXBuildFile; fileRef = 18EC52B52472D0E8008D7E16 /* EighthCutsceneViewController.swift */; };
		18EC52B82472D113008D7E16 /* NinthCutsceneViewController.swift in Sources */ = {isa = PBXBuildFile; fileRef = 18EC52B72472D113008D7E16 /* NinthCutsceneViewController.swift */; };
		18F1FB2224801E8F00DD71FB /* SoundPlayer.swift in Sources */ = {isa = PBXBuildFile; fileRef = 18F1FB2124801E8F00DD71FB /* SoundPlayer.swift */; };
/* End PBXBuildFile section */

/* Begin PBXFileReference section */
		18029744246EB88400371085 /* BrakeSparkEmitter.sks */ = {isa = PBXFileReference; lastKnownFileType = file.sks; path = BrakeSparkEmitter.sks; sourceTree = "<group>"; };
		18029747246ECA4F00371085 /* HUDDelegate.swift */ = {isa = PBXFileReference; lastKnownFileType = sourcecode.swift; path = HUDDelegate.swift; sourceTree = "<group>"; };
		18029749246ECAA200371085 /* GameHUD.swift */ = {isa = PBXFileReference; lastKnownFileType = sourcecode.swift; path = GameHUD.swift; sourceTree = "<group>"; };
		1802974F246ECE3C00371085 /* chinchillOut-Font.ttf */ = {isa = PBXFileReference; lastKnownFileType = file; path = "chinchillOut-Font.ttf"; sourceTree = "<group>"; };
		180E6DA3248BC05E000F8F21 /* WorldHalloweenController.swift */ = {isa = PBXFileReference; lastKnownFileType = sourcecode.swift; path = WorldHalloweenController.swift; sourceTree = "<group>"; };
		180E6DA5248BC090000F8F21 /* WorldXmasController.swift */ = {isa = PBXFileReference; lastKnownFileType = sourcecode.swift; path = WorldXmasController.swift; sourceTree = "<group>"; };
		180E6DA9248BD00F000F8F21 /* halloweenBackground.mp3 */ = {isa = PBXFileReference; lastKnownFileType = audio.mp3; path = halloweenBackground.mp3; sourceTree = "<group>"; };
		181D60732466E14A0058E984 /* Layer.swift */ = {isa = PBXFileReference; lastKnownFileType = sourcecode.swift; path = Layer.swift; sourceTree = "<group>"; };
		181D60752466EA4B0058E984 /* RepeatingLayer.swift */ = {isa = PBXFileReference; lastKnownFileType = sourcecode.swift; path = RepeatingLayer.swift; sourceTree = "<group>"; };
		181D60772466F05F0058E984 /* GameConstants.swift */ = {isa = PBXFileReference; lastKnownFileType = sourcecode.swift; path = GameConstants.swift; sourceTree = "<group>"; };
		181D60792466FB260058E984 /* Player.swift */ = {isa = PBXFileReference; lastKnownFileType = sourcecode.swift; path = Player.swift; sourceTree = "<group>"; };
		1821E99A246584FA006BA465 /* ChinchillOut-GAM720.app */ = {isa = PBXFileReference; explicitFileType = wrapper.application; includeInIndex = 0; path = "ChinchillOut-GAM720.app"; sourceTree = BUILT_PRODUCTS_DIR; };
		1821E99D246584FA006BA465 /* AppDelegate.swift */ = {isa = PBXFileReference; lastKnownFileType = sourcecode.swift; path = AppDelegate.swift; sourceTree = "<group>"; };
		1821E9A3246584FA006BA465 /* GameSceneL1W1.swift */ = {isa = PBXFileReference; lastKnownFileType = sourcecode.swift; path = GameSceneL1W1.swift; sourceTree = "<group>"; };
		1821E9A5246584FA006BA465 /* L1W1ViewController.swift */ = {isa = PBXFileReference; lastKnownFileType = sourcecode.swift; path = L1W1ViewController.swift; sourceTree = "<group>"; };
		1821E9A8246584FA006BA465 /* Base */ = {isa = PBXFileReference; lastKnownFileType = file.storyboard; name = Base; path = Base.lproj/Main.storyboard; sourceTree = "<group>"; };
		1821E9AA246584FB006BA465 /* Assets.xcassets */ = {isa = PBXFileReference; lastKnownFileType = folder.assetcatalog; path = Assets.xcassets; sourceTree = "<group>"; };
		1821E9AD246584FB006BA465 /* Base */ = {isa = PBXFileReference; lastKnownFileType = file.storyboard; name = Base; path = Base.lproj/LaunchScreen.storyboard; sourceTree = "<group>"; };
		1821E9AF246584FB006BA465 /* Info.plist */ = {isa = PBXFileReference; lastKnownFileType = text.plist.xml; path = Info.plist; sourceTree = "<group>"; };
		182456322492642200EB129C /* ChinchillaARViewController.swift */ = {isa = PBXFileReference; lastKnownFileType = sourcecode.swift; path = ChinchillaARViewController.swift; sourceTree = "<group>"; };
		182EBF1E24813517009C95A8 /* dieSound.mp3 */ = {isa = PBXFileReference; lastKnownFileType = audio.mp3; path = dieSound.mp3; sourceTree = "<group>"; };
		182EBF1F24813517009C95A8 /* completedSound.mp3 */ = {isa = PBXFileReference; lastKnownFileType = audio.mp3; path = completedSound.mp3; sourceTree = "<group>"; };
		182EBF242481411E009C95A8 /* chinchilla1.mp3 */ = {isa = PBXFileReference; lastKnownFileType = audio.mp3; path = chinchilla1.mp3; sourceTree = "<group>"; };
		182EBF262481471A009C95A8 /* forestBackground.mp3 */ = {isa = PBXFileReference; lastKnownFileType = audio.mp3; path = forestBackground.mp3; sourceTree = "<group>"; };
		182EBF2824814F6B009C95A8 /* fruitCollection.mp3 */ = {isa = PBXFileReference; lastKnownFileType = audio.mp3; path = fruitCollection.mp3; sourceTree = "<group>"; };
		184C5DD62493D22E003D8ED7 /* ChinchillaARModel.swift */ = {isa = PBXFileReference; lastKnownFileType = sourcecode.swift; path = ChinchillaARModel.swift; sourceTree = "<group>"; };
		184C5DD82493D312003D8ED7 /* Chinchilla.scn */ = {isa = PBXFileReference; lastKnownFileType = file.bplist; path = Chinchilla.scn; sourceTree = "<group>"; };
		1853FBB4249A4F230040ED4F /* headbopandsniffFixed.dae */ = {isa = PBXFileReference; fileEncoding = 4; lastKnownFileType = text.xml.dae; path = headbopandsniffFixed.dae; sourceTree = "<group>"; };
		1853FBB6249A4F5E0040ED4F /* ChinchillaUpdate.scn */ = {isa = PBXFileReference; lastKnownFileType = file.bplist; path = ChinchillaUpdate.scn; sourceTree = "<group>"; };
		18648963248D094E00CEEA29 /* Level_1-1.sks */ = {isa = PBXFileReference; lastKnownFileType = file.sks; name = "Level_1-1.sks"; path = "../../../../../../Downloads/ChinchillOut-GAM720-master/ChinchillOut-GAM720/Scene Editor Files/Levels/Level_1-1.sks"; sourceTree = "<group>"; };
		18648965248D0AEB00CEEA29 /* L1W2ViewController.swift */ = {isa = PBXFileReference; fileEncoding = 4; lastKnownFileType = sourcecode.swift; path = L1W2ViewController.swift; sourceTree = "<group>"; };
		18648967248D0BA200CEEA29 /* GameSceneL1W2.swift */ = {isa = PBXFileReference; fileEncoding = 4; lastKnownFileType = sourcecode.swift; path = GameSceneL1W2.swift; sourceTree = "<group>"; };
		18648969248D11EC00CEEA29 /* SceneManagerDelegateHalloween.swift */ = {isa = PBXFileReference; fileEncoding = 4; lastKnownFileType = sourcecode.swift; path = SceneManagerDelegateHalloween.swift; sourceTree = "<group>"; };
		186983B3248D6D7A00727B13 /* SceneManagerDelegateXmas.swift */ = {isa = PBXFileReference; fileEncoding = 4; lastKnownFileType = sourcecode.swift; path = SceneManagerDelegateXmas.swift; sourceTree = "<group>"; };
		186983B5248D6D9A00727B13 /* L1W3ViewController.swift */ = {isa = PBXFileReference; fileEncoding = 4; lastKnownFileType = sourcecode.swift; path = L1W3ViewController.swift; sourceTree = "<group>"; };
		186983B7248D6E2800727B13 /* GameSceneL1W3.swift */ = {isa = PBXFileReference; fileEncoding = 4; lastKnownFileType = sourcecode.swift; path = GameSceneL1W3.swift; sourceTree = "<group>"; };
		186983B9248D6EEC00727B13 /* Level_2-1.sks */ = {isa = PBXFileReference; lastKnownFileType = file.sks; name = "Level_2-1.sks"; path = "../../../../../../Downloads/ChinchillOut-GAM720-master/ChinchillOut-GAM720/Scene Editor Files/Levels/Level_2-1.sks"; sourceTree = "<group>"; };
		1875DF9A2486CA2000D1AB69 /* Level_0-1.sks */ = {isa = PBXFileReference; lastKnownFileType = file.sks; name = "Level_0-1.sks"; path = "../../../../../../Downloads/ChinchillOut-GAM720-master/ChinchillOut-GAM720/Scene Editor Files/Levels/Level_0-1.sks"; sourceTree = "<group>"; };
		18902BCA2468312D0053771E /* PhysicsHelper.swift */ = {isa = PBXFileReference; lastKnownFileType = sourcecode.swift; path = PhysicsHelper.swift; sourceTree = "<group>"; };
		18902BCC2468373F0053771E /* GroundNode.swift */ = {isa = PBXFileReference; lastKnownFileType = sourcecode.swift; path = GroundNode.swift; sourceTree = "<group>"; };
		18902BCE24683E1E0053771E /* AnimationHelper.swift */ = {isa = PBXFileReference; lastKnownFileType = sourcecode.swift; path = AnimationHelper.swift; sourceTree = "<group>"; };
		18902BD0246887880053771E /* ObjectHelper.swift */ = {isa = PBXFileReference; lastKnownFileType = sourcecode.swift; path = ObjectHelper.swift; sourceTree = "<group>"; };
		189532F6249B9C160083291D /* headbopandsniffFixed.scn */ = {isa = PBXFileReference; lastKnownFileType = file.bplist; path = headbopandsniffFixed.scn; sourceTree = "<group>"; };
		189633CD249E33A500A11B79 /* xmasBackground.mp3 */ = {isa = PBXFileReference; lastKnownFileType = audio.mp3; path = xmasBackground.mp3; sourceTree = "<group>"; };
		189633CF249E33AB00A11B79 /* washingmachine.mp3 */ = {isa = PBXFileReference; lastKnownFileType = audio.mp3; path = washingmachine.mp3; sourceTree = "<group>"; };
		189633D1249E33B400A11B79 /* birdsswearing.mp3 */ = {isa = PBXFileReference; lastKnownFileType = audio.mp3; path = birdsswearing.mp3; sourceTree = "<group>"; };
		189633D3249E3F3B00A11B79 /* chinchillaAR.mp3 */ = {isa = PBXFileReference; lastKnownFileType = audio.mp3; path = chinchillaAR.mp3; sourceTree = "<group>"; };
		189633D5249E42BF00A11B79 /* birdsswearinglong.mp3 */ = {isa = PBXFileReference; lastKnownFileType = audio.mp3; path = birdsswearinglong.mp3; sourceTree = "<group>"; };
		189633D7249E442E00A11B79 /* chirp1.mp3 */ = {isa = PBXFileReference; lastKnownFileType = audio.mp3; path = chirp1.mp3; sourceTree = "<group>"; };
		189633D9249E450C00A11B79 /* chirp2.mp3 */ = {isa = PBXFileReference; lastKnownFileType = audio.mp3; path = chirp2.mp3; sourceTree = "<group>"; };
		189633DB249E455500A11B79 /* chirp3.mp3 */ = {isa = PBXFileReference; lastKnownFileType = audio.mp3; path = chirp3.mp3; sourceTree = "<group>"; };
		18A1D430246D7CFD005425C1 /* ParticleHelper.swift */ = {isa = PBXFileReference; lastKnownFileType = sourcecode.swift; path = ParticleHelper.swift; sourceTree = "<group>"; };
		18A1D434246D7EA5005425C1 /* Assets.xcassets */ = {isa = PBXFileReference; lastKnownFileType = folder.assetcatalog; path = Assets.xcassets; sourceTree = "<group>"; };
		18A1D437246D8185005425C1 /* FruitDustEmitter.sks */ = {isa = PBXFileReference; lastKnownFileType = file.sks; path = FruitDustEmitter.sks; sourceTree = "<group>"; };
		18B8866D249A4BAF00EDBDDE /* headbopandsniff.dae */ = {isa = PBXFileReference; fileEncoding = 4; lastKnownFileType = text.xml.dae; path = headbopandsniff.dae; sourceTree = "<group>"; };
		18C18DA0249EB0F800D479D0 /* SceneManagerDelegateL2.swift */ = {isa = PBXFileReference; lastKnownFileType = sourcecode.swift; path = SceneManagerDelegateL2.swift; sourceTree = "<group>"; };
		18C18DA2249EB17100D479D0 /* L2W1ViewController.swift */ = {isa = PBXFileReference; lastKnownFileType = sourcecode.swift; path = L2W1ViewController.swift; sourceTree = "<group>"; };
		18C18DA4249EB23B00D479D0 /* gameSceneL2W1.swift */ = {isa = PBXFileReference; lastKnownFileType = sourcecode.swift; path = gameSceneL2W1.swift; sourceTree = "<group>"; };
		18C18DA6249EB39C00D479D0 /* Level_0-2.sks */ = {isa = PBXFileReference; lastKnownFileType = file.sks; path = "Level_0-2.sks"; sourceTree = "<group>"; };
		18C18DA8249EBFBE00D479D0 /* SceneManagerDelegateHalloweenL2.swift */ = {isa = PBXFileReference; lastKnownFileType = sourcecode.swift; path = SceneManagerDelegateHalloweenL2.swift; sourceTree = "<group>"; };
		18C18DAA249EC31900D479D0 /* SceneManagerDelegateXmasL2.swift */ = {isa = PBXFileReference; lastKnownFileType = sourcecode.swift; path = SceneManagerDelegateXmasL2.swift; sourceTree = "<group>"; };
		18C18DAC249EC39900D479D0 /* L2W2ViewController.swift */ = {isa = PBXFileReference; lastKnownFileType = sourcecode.swift; path = L2W2ViewController.swift; sourceTree = "<group>"; };
		18C18DAE249EC3B800D479D0 /* L2W3ViewController.swift */ = {isa = PBXFileReference; lastKnownFileType = sourcecode.swift; path = L2W3ViewController.swift; sourceTree = "<group>"; };
		18C18DB2249EC3FC00D479D0 /* GameSceneL2W2.swift */ = {isa = PBXFileReference; lastKnownFileType = sourcecode.swift; path = GameSceneL2W2.swift; sourceTree = "<group>"; };
		18C18DB4249EC40E00D479D0 /* GameSceneL2W3.swift */ = {isa = PBXFileReference; lastKnownFileType = sourcecode.swift; path = GameSceneL2W3.swift; sourceTree = "<group>"; };
		18C18DB6249EC74300D479D0 /* Level_1-2.sks */ = {isa = PBXFileReference; lastKnownFileType = file.sks; path = "Level_1-2.sks"; sourceTree = "<group>"; };
		18C18DB8249EC74800D479D0 /* Level_2-2.sks */ = {isa = PBXFileReference; lastKnownFileType = file.sks; path = "Level_2-2.sks"; sourceTree = "<group>"; };
		18C614FB24702533009A1554 /* PopupNode.swift */ = {isa = PBXFileReference; lastKnownFileType = sourcecode.swift; path = PopupNode.swift; sourceTree = "<group>"; };
		18C614FD24702564009A1554 /* ScorePopupNode.swift */ = {isa = PBXFileReference; lastKnownFileType = sourcecode.swift; path = ScorePopupNode.swift; sourceTree = "<group>"; };
		18C614FF247025C7009A1554 /* BannerLabel.swift */ = {isa = PBXFileReference; lastKnownFileType = sourcecode.swift; path = BannerLabel.swift; sourceTree = "<group>"; };
		18C6150124702601009A1554 /* PopupButtonHandlerDelegate.swift */ = {isa = PBXFileReference; lastKnownFileType = sourcecode.swift; path = PopupButtonHandlerDelegate.swift; sourceTree = "<group>"; };
		18C6150324702669009A1554 /* SpriteKitButton.swift */ = {isa = PBXFileReference; lastKnownFileType = sourcecode.swift; path = SpriteKitButton.swift; sourceTree = "<group>"; };
		18C615052470430E009A1554 /* ScoreManager.swift */ = {isa = PBXFileReference; lastKnownFileType = sourcecode.swift; path = ScoreManager.swift; sourceTree = "<group>"; };
		18D224B72493B30000E37FE5 /* walking.dae */ = {isa = PBXFileReference; fileEncoding = 4; lastKnownFileType = text.xml.dae; path = walking.dae; sourceTree = "<group>"; };
		18D224BA2493B33E00E37FE5 /* ChinTexture.png */ = {isa = PBXFileReference; lastKnownFileType = image.png; path = ChinTexture.png; sourceTree = "<group>"; };
		18D224BC2493BAAD00E37FE5 /* WalkingFixed.dae */ = {isa = PBXFileReference; fileEncoding = 4; lastKnownFileType = text.xml.dae; path = WalkingFixed.dae; sourceTree = "<group>"; };
		18D894B62465AA180003EE8C /* SKNode+Extensions.swift */ = {isa = PBXFileReference; lastKnownFileType = sourcecode.swift; path = "SKNode+Extensions.swift"; sourceTree = "<group>"; };
		18DDC8DF2465936B00503A6B /* TileSets.sks */ = {isa = PBXFileReference; lastKnownFileType = file.sks; path = TileSets.sks; sourceTree = "<group>"; };
		18EC529D2472B015008D7E16 /* MenuViewController.swift */ = {isa = PBXFileReference; lastKnownFileType = sourcecode.swift; path = MenuViewController.swift; sourceTree = "<group>"; };
		18EC529F2472B184008D7E16 /* SceneManagerDelegate.swift */ = {isa = PBXFileReference; lastKnownFileType = sourcecode.swift; path = SceneManagerDelegate.swift; sourceTree = "<group>"; };
		18EC52A12472BBAF008D7E16 /* CutsceneViewController.swift */ = {isa = PBXFileReference; lastKnownFileType = sourcecode.swift; path = CutsceneViewController.swift; sourceTree = "<group>"; };
		18EC52A32472BBC0008D7E16 /* World1Controller.swift */ = {isa = PBXFileReference; lastKnownFileType = sourcecode.swift; path = World1Controller.swift; sourceTree = "<group>"; };
		18EC52A92472D021008D7E16 /* SecondCutsceneViewController.swift */ = {isa = PBXFileReference; lastKnownFileType = sourcecode.swift; path = SecondCutsceneViewController.swift; sourceTree = "<group>"; };
		18EC52AB2472D03D008D7E16 /* ThirdCutsceneViewController.swift */ = {isa = PBXFileReference; lastKnownFileType = sourcecode.swift; path = ThirdCutsceneViewController.swift; sourceTree = "<group>"; };
		18EC52AD2472D04A008D7E16 /* ForthCutsceneViewController.swift */ = {isa = PBXFileReference; lastKnownFileType = sourcecode.swift; path = ForthCutsceneViewController.swift; sourceTree = "<group>"; };
		18EC52AF2472D05A008D7E16 /* FifthCutsceneViewController.swift */ = {isa = PBXFileReference; lastKnownFileType = sourcecode.swift; path = FifthCutsceneViewController.swift; sourceTree = "<group>"; };
		18EC52B12472D079008D7E16 /* SixthCutsceneViewController.swift */ = {isa = PBXFileReference; lastKnownFileType = sourcecode.swift; path = SixthCutsceneViewController.swift; sourceTree = "<group>"; };
		18EC52B32472D084008D7E16 /* SeventhCutsceneViewController.swift */ = {isa = PBXFileReference; lastKnownFileType = sourcecode.swift; path = SeventhCutsceneViewController.swift; sourceTree = "<group>"; };
		18EC52B52472D0E8008D7E16 /* EighthCutsceneViewController.swift */ = {isa = PBXFileReference; lastKnownFileType = sourcecode.swift; path = EighthCutsceneViewController.swift; sourceTree = "<group>"; };
		18EC52B72472D113008D7E16 /* NinthCutsceneViewController.swift */ = {isa = PBXFileReference; lastKnownFileType = sourcecode.swift; path = NinthCutsceneViewController.swift; sourceTree = "<group>"; };
		18F1FB2124801E8F00DD71FB /* SoundPlayer.swift */ = {isa = PBXFileReference; lastKnownFileType = sourcecode.swift; path = SoundPlayer.swift; sourceTree = "<group>"; };
/* End PBXFileReference section */

/* Begin PBXFrameworksBuildPhase section */
		1821E997246584FA006BA465 /* Frameworks */ = {
			isa = PBXFrameworksBuildPhase;
			buildActionMask = 2147483647;
			files = (
			);
			runOnlyForDeploymentPostprocessing = 0;
		};
/* End PBXFrameworksBuildPhase section */

/* Begin PBXGroup section */
		18029746246ECA2500371085 /* Protocols */ = {
			isa = PBXGroup;
			children = (
				18029747246ECA4F00371085 /* HUDDelegate.swift */,
				18C6150124702601009A1554 /* PopupButtonHandlerDelegate.swift */,
				18EC529F2472B184008D7E16 /* SceneManagerDelegate.swift */,
				18648969248D11EC00CEEA29 /* SceneManagerDelegateHalloween.swift */,
				186983B3248D6D7A00727B13 /* SceneManagerDelegateXmas.swift */,
				18C18DA0249EB0F800D479D0 /* SceneManagerDelegateL2.swift */,
				18C18DA8249EBFBE00D479D0 /* SceneManagerDelegateHalloweenL2.swift */,
				18C18DAA249EC31900D479D0 /* SceneManagerDelegateXmasL2.swift */,
			);
			path = Protocols;
			sourceTree = "<group>";
		};
		1802974B246ECAE100371085 /* Resources */ = {
			isa = PBXGroup;
			children = (
				18F1FB2024801CE700DD71FB /* Sounds */,
				1802974C246ECAFD00371085 /* Fonts */,
			);
			path = Resources;
			sourceTree = "<group>";
		};
		1802974C246ECAFD00371085 /* Fonts */ = {
			isa = PBXGroup;
			children = (
				1802974F246ECE3C00371085 /* chinchillOut-Font.ttf */,
			);
			path = Fonts;
			sourceTree = "<group>";
		};
		1821E991246584F9006BA465 = {
			isa = PBXGroup;
			children = (
				1821E99C246584FA006BA465 /* ChinchillOut-GAM720 */,
				1821E99B246584FA006BA465 /* Products */,
			);
			sourceTree = "<group>";
		};
		1821E99B246584FA006BA465 /* Products */ = {
			isa = PBXGroup;
			children = (
				1821E99A246584FA006BA465 /* ChinchillOut-GAM720.app */,
			);
			name = Products;
			sourceTree = "<group>";
		};
		1821E99C246584FA006BA465 /* ChinchillOut-GAM720 */ = {
			isa = PBXGroup;
			children = (
				18D224B62493B1F900E37FE5 /* art.scnassets */,
				1821E9AA246584FB006BA465 /* Assets.xcassets */,
				1802974B246ECAE100371085 /* Resources */,
				18029746246ECA2500371085 /* Protocols */,
				18A1D432246D7E40005425C1 /* Particle Emitters */,
				18DDC8DB24658AD000503A6B /* Template */,
				18DDC8DA24658ACB00503A6B /* Controller */,
				18245631249263E200EB129C /* Controller AR Scenes */,
				1821E9B524658510006BA465 /* Controller Cutscene */,
				18DDC8D924658AC300503A6B /* Scenes */,
				18DDC8D824658AB400503A6B /* UI */,
				18DDC8D624658A9300503A6B /* Scene Editor Files */,
				18DDC8D424658A8400503A6B /* Tiles */,
				18DDC8D324658A7200503A6B /* Extensions */,
				18DDC8D224658A6C00503A6B /* Layers */,
				18DDC8D124658A6400503A6B /* Custom Classes */,
				18DDC8CF24658A3A00503A6B /* Helper Files */,
				1821E9B624658551006BA465 /* Other Files */,
			);
			path = "ChinchillOut-GAM720";
			sourceTree = "<group>";
		};
		1821E9B524658510006BA465 /* Controller Cutscene */ = {
			isa = PBXGroup;
			children = (
				18EC52A92472D021008D7E16 /* SecondCutsceneViewController.swift */,
				18EC52AB2472D03D008D7E16 /* ThirdCutsceneViewController.swift */,
				18EC52AD2472D04A008D7E16 /* ForthCutsceneViewController.swift */,
				18EC52AF2472D05A008D7E16 /* FifthCutsceneViewController.swift */,
				18EC52B12472D079008D7E16 /* SixthCutsceneViewController.swift */,
				18EC52B32472D084008D7E16 /* SeventhCutsceneViewController.swift */,
				18EC52B52472D0E8008D7E16 /* EighthCutsceneViewController.swift */,
				18EC52B72472D113008D7E16 /* NinthCutsceneViewController.swift */,
			);
			path = "Controller Cutscene";
			sourceTree = "<group>";
		};
		1821E9B624658551006BA465 /* Other Files */ = {
			isa = PBXGroup;
			children = (
			);
			path = "Other Files";
			sourceTree = "<group>";
		};
		18245631249263E200EB129C /* Controller AR Scenes */ = {
			isa = PBXGroup;
			children = (
				182456322492642200EB129C /* ChinchillaARViewController.swift */,
				184C5DD62493D22E003D8ED7 /* ChinchillaARModel.swift */,
			);
			path = "Controller AR Scenes";
			sourceTree = "<group>";
		};
		18A1D432246D7E40005425C1 /* Particle Emitters */ = {
			isa = PBXGroup;
			children = (
				18A1D434246D7EA5005425C1 /* Assets.xcassets */,
				18A1D437246D8185005425C1 /* FruitDustEmitter.sks */,
				18029744246EB88400371085 /* BrakeSparkEmitter.sks */,
			);
			path = "Particle Emitters";
			sourceTree = "<group>";
		};
		18D224B62493B1F900E37FE5 /* art.scnassets */ = {
			isa = PBXGroup;
			children = (
				18D224BC2493BAAD00E37FE5 /* WalkingFixed.dae */,
				184C5DD82493D312003D8ED7 /* Chinchilla.scn */,
				1853FBB4249A4F230040ED4F /* headbopandsniffFixed.dae */,
				189532F6249B9C160083291D /* headbopandsniffFixed.scn */,
				1853FBB6249A4F5E0040ED4F /* ChinchillaUpdate.scn */,
				18B8866D249A4BAF00EDBDDE /* headbopandsniff.dae */,
				18D224B92493B31A00E37FE5 /* Textures */,
				18D224B72493B30000E37FE5 /* walking.dae */,
			);
			path = art.scnassets;
			sourceTree = "<group>";
		};
		18D224B92493B31A00E37FE5 /* Textures */ = {
			isa = PBXGroup;
			children = (
				18D224BA2493B33E00E37FE5 /* ChinTexture.png */,
			);
			path = Textures;
			sourceTree = "<group>";
		};
		18DDC8CF24658A3A00503A6B /* Helper Files */ = {
			isa = PBXGroup;
			children = (
				18902BCA2468312D0053771E /* PhysicsHelper.swift */,
				18902BCE24683E1E0053771E /* AnimationHelper.swift */,
				18902BD0246887880053771E /* ObjectHelper.swift */,
				18A1D430246D7CFD005425C1 /* ParticleHelper.swift */,
				18C615052470430E009A1554 /* ScoreManager.swift */,
			);
			path = "Helper Files";
			sourceTree = "<group>";
		};
		18DDC8D124658A6400503A6B /* Custom Classes */ = {
			isa = PBXGroup;
			children = (
				181D60792466FB260058E984 /* Player.swift */,
				18902BCC2468373F0053771E /* GroundNode.swift */,
				18029749246ECAA200371085 /* GameHUD.swift */,
				18C614FB24702533009A1554 /* PopupNode.swift */,
				18C614FD24702564009A1554 /* ScorePopupNode.swift */,
				18C614FF247025C7009A1554 /* BannerLabel.swift */,
				18C6150324702669009A1554 /* SpriteKitButton.swift */,
				18F1FB2124801E8F00DD71FB /* SoundPlayer.swift */,
			);
			path = "Custom Classes";
			sourceTree = "<group>";
		};
		18DDC8D224658A6C00503A6B /* Layers */ = {
			isa = PBXGroup;
			children = (
				181D60732466E14A0058E984 /* Layer.swift */,
				181D60752466EA4B0058E984 /* RepeatingLayer.swift */,
			);
			path = Layers;
			sourceTree = "<group>";
		};
		18DDC8D324658A7200503A6B /* Extensions */ = {
			isa = PBXGroup;
			children = (
				18D894B62465AA180003EE8C /* SKNode+Extensions.swift */,
			);
			path = Extensions;
			sourceTree = "<group>";
		};
		18DDC8D424658A8400503A6B /* Tiles */ = {
			isa = PBXGroup;
			children = (
				18DDC8DF2465936B00503A6B /* TileSets.sks */,
			);
			path = Tiles;
			sourceTree = "<group>";
		};
		18DDC8D624658A9300503A6B /* Scene Editor Files */ = {
			isa = PBXGroup;
			children = (
				18DDC8D724658A9E00503A6B /* Levels */,
			);
			path = "Scene Editor Files";
			sourceTree = "<group>";
		};
		18DDC8D724658A9E00503A6B /* Levels */ = {
			isa = PBXGroup;
			children = (
				1875DF9A2486CA2000D1AB69 /* Level_0-1.sks */,
				18648963248D094E00CEEA29 /* Level_1-1.sks */,
				18C18DB6249EC74300D479D0 /* Level_1-2.sks */,
				186983B9248D6EEC00727B13 /* Level_2-1.sks */,
				18C18DB8249EC74800D479D0 /* Level_2-2.sks */,
				18C18DA6249EB39C00D479D0 /* Level_0-2.sks */,
			);
			path = Levels;
			sourceTree = "<group>";
		};
		18DDC8D824658AB400503A6B /* UI */ = {
			isa = PBXGroup;
			children = (
				1821E9A7246584FA006BA465 /* Main.storyboard */,
				1821E9AC246584FB006BA465 /* LaunchScreen.storyboard */,
			);
			path = UI;
			sourceTree = "<group>";
		};
		18DDC8D924658AC300503A6B /* Scenes */ = {
			isa = PBXGroup;
			children = (
				1821E9A3246584FA006BA465 /* GameSceneL1W1.swift */,
				18648967248D0BA200CEEA29 /* GameSceneL1W2.swift */,
				186983B7248D6E2800727B13 /* GameSceneL1W3.swift */,
				18C18DA4249EB23B00D479D0 /* gameSceneL2W1.swift */,
				18C18DB2249EC3FC00D479D0 /* GameSceneL2W2.swift */,
				18C18DB4249EC40E00D479D0 /* GameSceneL2W3.swift */,
			);
			path = Scenes;
			sourceTree = "<group>";
		};
		18DDC8DA24658ACB00503A6B /* Controller */ = {
			isa = PBXGroup;
			children = (
				1821E9A5246584FA006BA465 /* L1W1ViewController.swift */,
				18C18DA2249EB17100D479D0 /* L2W1ViewController.swift */,
				18648965248D0AEB00CEEA29 /* L1W2ViewController.swift */,
				186983B5248D6D9A00727B13 /* L1W3ViewController.swift */,
				18EC529D2472B015008D7E16 /* MenuViewController.swift */,
				18EC52A32472BBC0008D7E16 /* World1Controller.swift */,
				18EC52A12472BBAF008D7E16 /* CutsceneViewController.swift */,
				180E6DA3248BC05E000F8F21 /* WorldHalloweenController.swift */,
				180E6DA5248BC090000F8F21 /* WorldXmasController.swift */,
				18C18DAC249EC39900D479D0 /* L2W2ViewController.swift */,
				18C18DAE249EC3B800D479D0 /* L2W3ViewController.swift */,
			);
			path = Controller;
			sourceTree = "<group>";
		};
		18DDC8DB24658AD000503A6B /* Template */ = {
			isa = PBXGroup;
			children = (
				1821E99D246584FA006BA465 /* AppDelegate.swift */,
				1821E9AF246584FB006BA465 /* Info.plist */,
				181D60772466F05F0058E984 /* GameConstants.swift */,
			);
			path = Template;
			sourceTree = "<group>";
		};
		18F1FB2024801CE700DD71FB /* Sounds */ = {
			isa = PBXGroup;
			children = (
				189633D7249E442E00A11B79 /* chirp1.mp3 */,
				189633D9249E450C00A11B79 /* chirp2.mp3 */,
				189633DB249E455500A11B79 /* chirp3.mp3 */,
				180E6DA9248BD00F000F8F21 /* halloweenBackground.mp3 */,
				189633D1249E33B400A11B79 /* birdsswearing.mp3 */,
				189633D5249E42BF00A11B79 /* birdsswearinglong.mp3 */,
				189633CF249E33AB00A11B79 /* washingmachine.mp3 */,
				189633D3249E3F3B00A11B79 /* chinchillaAR.mp3 */,
				189633CD249E33A500A11B79 /* xmasBackground.mp3 */,
				182EBF262481471A009C95A8 /* forestBackground.mp3 */,
				182EBF1F24813517009C95A8 /* completedSound.mp3 */,
				182EBF1E24813517009C95A8 /* dieSound.mp3 */,
				182EBF242481411E009C95A8 /* chinchilla1.mp3 */,
				182EBF2824814F6B009C95A8 /* fruitCollection.mp3 */,
			);
			path = Sounds;
			sourceTree = "<group>";
		};
/* End PBXGroup section */

/* Begin PBXNativeTarget section */
		1821E999246584FA006BA465 /* ChinchillOut-GAM720 */ = {
			isa = PBXNativeTarget;
			buildConfigurationList = 1821E9B2246584FB006BA465 /* Build configuration list for PBXNativeTarget "ChinchillOut-GAM720" */;
			buildPhases = (
				1821E996246584FA006BA465 /* Sources */,
				1821E997246584FA006BA465 /* Frameworks */,
				1821E998246584FA006BA465 /* Resources */,
			);
			buildRules = (
			);
			dependencies = (
			);
			name = "ChinchillOut-GAM720";
			productName = "ChinchillOut-GAM720";
			productReference = 1821E99A246584FA006BA465 /* ChinchillOut-GAM720.app */;
			productType = "com.apple.product-type.application";
		};
/* End PBXNativeTarget section */

/* Begin PBXProject section */
		1821E992246584F9006BA465 /* Project object */ = {
			isa = PBXProject;
			attributes = {
				LastSwiftUpdateCheck = 1140;
				LastUpgradeCheck = 1140;
				ORGANIZATIONNAME = "Rachel Saunders";
				TargetAttributes = {
					1821E999246584FA006BA465 = {
						CreatedOnToolsVersion = 11.4.1;
					};
				};
			};
			buildConfigurationList = 1821E995246584F9006BA465 /* Build configuration list for PBXProject "ChinchillOut-GAM720" */;
			compatibilityVersion = "Xcode 9.3";
			developmentRegion = en;
			hasScannedForEncodings = 0;
			knownRegions = (
				en,
				Base,
			);
			mainGroup = 1821E991246584F9006BA465;
			productRefGroup = 1821E99B246584FA006BA465 /* Products */;
			projectDirPath = "";
			projectRoot = "";
			targets = (
				1821E999246584FA006BA465 /* ChinchillOut-GAM720 */,
			);
		};
/* End PBXProject section */

/* Begin PBXResourcesBuildPhase section */
		1821E998246584FA006BA465 /* Resources */ = {
			isa = PBXResourcesBuildPhase;
			buildActionMask = 2147483647;
			files = (
				18C18DB7249EC74300D479D0 /* Level_1-2.sks in Resources */,
				18029750246ECE4300371085 /* chinchillOut-Font.ttf in Resources */,
				182EBF272481471B009C95A8 /* forestBackground.mp3 in Resources */,
				189532F7249B9C160083291D /* headbopandsniffFixed.scn in Resources */,
				189633D2249E33B400A11B79 /* birdsswearing.mp3 in Resources */,
				1875DF9B2486CA2000D1AB69 /* Level_0-1.sks in Resources */,
				189633DC249E455500A11B79 /* chirp3.mp3 in Resources */,
				189633D8249E442E00A11B79 /* chirp1.mp3 in Resources */,
				18C18DB9249EC74800D479D0 /* Level_2-2.sks in Resources */,
				182EBF252481411E009C95A8 /* chinchilla1.mp3 in Resources */,
				18D224B82493B30000E37FE5 /* walking.dae in Resources */,
				189633D0249E33AC00A11B79 /* washingmachine.mp3 in Resources */,
				180E6DAA248BD00F000F8F21 /* halloweenBackground.mp3 in Resources */,
				186983BA248D6EEC00727B13 /* Level_2-1.sks in Resources */,
				18A1D438246D8185005425C1 /* FruitDustEmitter.sks in Resources */,
				1821E9A9246584FA006BA465 /* Main.storyboard in Resources */,
				184C5DD92493D312003D8ED7 /* Chinchilla.scn in Resources */,
				182EBF2924814F6B009C95A8 /* fruitCollection.mp3 in Resources */,
				189633CE249E33A500A11B79 /* xmasBackground.mp3 in Resources */,
				189633DA249E450D00A11B79 /* chirp2.mp3 in Resources */,
				18DDC8E02465936B00503A6B /* TileSets.sks in Resources */,
				182EBF2024813517009C95A8 /* dieSound.mp3 in Resources */,
				189633D4249E3F3C00A11B79 /* chinchillaAR.mp3 in Resources */,
				18029745246EB88400371085 /* BrakeSparkEmitter.sks in Resources */,
				1821E9AB246584FB006BA465 /* Assets.xcassets in Resources */,
				18D224BD2493BAAD00E37FE5 /* WalkingFixed.dae in Resources */,
				18C18DA7249EB39C00D479D0 /* Level_0-2.sks in Resources */,
				189633D6249E42BF00A11B79 /* birdsswearinglong.mp3 in Resources */,
				182EBF2124813517009C95A8 /* completedSound.mp3 in Resources */,
				18A1D436246D7EA5005425C1 /* Assets.xcassets in Resources */,
				18648964248D094E00CEEA29 /* Level_1-1.sks in Resources */,
				18D224BB2493B33E00E37FE5 /* ChinTexture.png in Resources */,
				1853FBB5249A4F230040ED4F /* headbopandsniffFixed.dae in Resources */,
				1821E9AE246584FB006BA465 /* LaunchScreen.storyboard in Resources */,
				1853FBB7249A4F5E0040ED4F /* ChinchillaUpdate.scn in Resources */,
				18B8866E249A4BAF00EDBDDE /* headbopandsniff.dae in Resources */,
			);
			runOnlyForDeploymentPostprocessing = 0;
		};
/* End PBXResourcesBuildPhase section */

/* Begin PBXSourcesBuildPhase section */
		1821E996246584FA006BA465 /* Sources */ = {
			isa = PBXSourcesBuildPhase;
			buildActionMask = 2147483647;
			files = (
				1821E9A4246584FA006BA465 /* GameSceneL1W1.swift in Sources */,
				18C18DA9249EBFBE00D479D0 /* SceneManagerDelegateHalloweenL2.swift in Sources */,
				18D894B72465AA180003EE8C /* SKNode+Extensions.swift in Sources */,
				18EC52B02472D05A008D7E16 /* FifthCutsceneViewController.swift in Sources */,
				18029748246ECA4F00371085 /* HUDDelegate.swift in Sources */,
				18EC52B82472D113008D7E16 /* NinthCutsceneViewController.swift in Sources */,
				18C18DA5249EB23B00D479D0 /* gameSceneL2W1.swift in Sources */,
				181D60742466E14A0058E984 /* Layer.swift in Sources */,
				18C614FC24702533009A1554 /* PopupNode.swift in Sources */,
				1802974A246ECAA200371085 /* GameHUD.swift in Sources */,
				18C615062470430E009A1554 /* ScoreManager.swift in Sources */,
				18648966248D0AEB00CEEA29 /* L1W2ViewController.swift in Sources */,
				1864896A248D11EC00CEEA29 /* SceneManagerDelegateHalloween.swift in Sources */,
				18EC52AC2472D03D008D7E16 /* ThirdCutsceneViewController.swift in Sources */,
				1821E9A6246584FA006BA465 /* L1W1ViewController.swift in Sources */,
				18902BD1246887880053771E /* ObjectHelper.swift in Sources */,
				186983B4248D6D7A00727B13 /* SceneManagerDelegateXmas.swift in Sources */,
				18EC52B62472D0E8008D7E16 /* EighthCutsceneViewController.swift in Sources */,
				18EC52A02472B184008D7E16 /* SceneManagerDelegate.swift in Sources */,
				18C6150224702601009A1554 /* PopupButtonHandlerDelegate.swift in Sources */,
				18C18DB5249EC40E00D479D0 /* GameSceneL2W3.swift in Sources */,
				18EC52AA2472D021008D7E16 /* SecondCutsceneViewController.swift in Sources */,
				181D607A2466FB260058E984 /* Player.swift in Sources */,
				18C18DA1249EB0F800D479D0 /* SceneManagerDelegateL2.swift in Sources */,
				18C614FE24702564009A1554 /* ScorePopupNode.swift in Sources */,
				181D60782466F05F0058E984 /* GameConstants.swift in Sources */,
				18EC52AE2472D04A008D7E16 /* ForthCutsceneViewController.swift in Sources */,
				18A1D431246D7CFD005425C1 /* ParticleHelper.swift in Sources */,
				180E6DA6248BC090000F8F21 /* WorldXmasController.swift in Sources */,
				18EC52B42472D084008D7E16 /* SeventhCutsceneViewController.swift in Sources */,
				18648968248D0BA200CEEA29 /* GameSceneL1W2.swift in Sources */,
				18902BCF24683E1E0053771E /* AnimationHelper.swift in Sources */,
				18EC52A42472BBC0008D7E16 /* World1Controller.swift in Sources */,
				1821E99E246584FA006BA465 /* AppDelegate.swift in Sources */,
				18EC52A22472BBAF008D7E16 /* CutsceneViewController.swift in Sources */,
				18C18DA3249EB17100D479D0 /* L2W1ViewController.swift in Sources */,
				18C6150424702669009A1554 /* SpriteKitButton.swift in Sources */,
				18EC52B22472D079008D7E16 /* SixthCutsceneViewController.swift in Sources */,
				181D60762466EA4B0058E984 /* RepeatingLayer.swift in Sources */,
				18902BCD2468373F0053771E /* GroundNode.swift in Sources */,
				180E6DA4248BC05E000F8F21 /* WorldHalloweenController.swift in Sources */,
				18C18DAB249EC31900D479D0 /* SceneManagerDelegateXmasL2.swift in Sources */,
				18C18DB3249EC3FC00D479D0 /* GameSceneL2W2.swift in Sources */,
				186983B6248D6D9A00727B13 /* L1W3ViewController.swift in Sources */,
				184C5DD72493D22E003D8ED7 /* ChinchillaARModel.swift in Sources */,
				18C61500247025C7009A1554 /* BannerLabel.swift in Sources */,
				18902BCB2468312D0053771E /* PhysicsHelper.swift in Sources */,
				186983B8248D6E2800727B13 /* GameSceneL1W3.swift in Sources */,
				18F1FB2224801E8F00DD71FB /* SoundPlayer.swift in Sources */,
				182456332492642200EB129C /* ChinchillaARViewController.swift in Sources */,
				18EC529E2472B015008D7E16 /* MenuViewController.swift in Sources */,
				18C18DAD249EC39900D479D0 /* L2W2ViewController.swift in Sources */,
				18C18DAF249EC3B800D479D0 /* L2W3ViewController.swift in Sources */,
			);
			runOnlyForDeploymentPostprocessing = 0;
		};
/* End PBXSourcesBuildPhase section */

/* Begin PBXVariantGroup section */
		1821E9A7246584FA006BA465 /* Main.storyboard */ = {
			isa = PBXVariantGroup;
			children = (
				1821E9A8246584FA006BA465 /* Base */,
			);
			name = Main.storyboard;
			sourceTree = "<group>";
		};
		1821E9AC246584FB006BA465 /* LaunchScreen.storyboard */ = {
			isa = PBXVariantGroup;
			children = (
				1821E9AD246584FB006BA465 /* Base */,
			);
			name = LaunchScreen.storyboard;
			sourceTree = "<group>";
		};
/* End PBXVariantGroup section */

/* Begin XCBuildConfiguration section */
		1821E9B0246584FB006BA465 /* Debug */ = {
			isa = XCBuildConfiguration;
			buildSettings = {
				ALWAYS_SEARCH_USER_PATHS = NO;
				CLANG_ANALYZER_NONNULL = YES;
				CLANG_ANALYZER_NUMBER_OBJECT_CONVERSION = YES_AGGRESSIVE;
				CLANG_CXX_LANGUAGE_STANDARD = "gnu++14";
				CLANG_CXX_LIBRARY = "libc++";
				CLANG_ENABLE_MODULES = YES;
				CLANG_ENABLE_OBJC_ARC = YES;
				CLANG_ENABLE_OBJC_WEAK = YES;
				CLANG_WARN_BLOCK_CAPTURE_AUTORELEASING = YES;
				CLANG_WARN_BOOL_CONVERSION = YES;
				CLANG_WARN_COMMA = YES;
				CLANG_WARN_CONSTANT_CONVERSION = YES;
				CLANG_WARN_DEPRECATED_OBJC_IMPLEMENTATIONS = YES;
				CLANG_WARN_DIRECT_OBJC_ISA_USAGE = YES_ERROR;
				CLANG_WARN_DOCUMENTATION_COMMENTS = YES;
				CLANG_WARN_EMPTY_BODY = YES;
				CLANG_WARN_ENUM_CONVERSION = YES;
				CLANG_WARN_INFINITE_RECURSION = YES;
				CLANG_WARN_INT_CONVERSION = YES;
				CLANG_WARN_NON_LITERAL_NULL_CONVERSION = YES;
				CLANG_WARN_OBJC_IMPLICIT_RETAIN_SELF = YES;
				CLANG_WARN_OBJC_LITERAL_CONVERSION = YES;
				CLANG_WARN_OBJC_ROOT_CLASS = YES_ERROR;
				CLANG_WARN_RANGE_LOOP_ANALYSIS = YES;
				CLANG_WARN_STRICT_PROTOTYPES = YES;
				CLANG_WARN_SUSPICIOUS_MOVE = YES;
				CLANG_WARN_UNGUARDED_AVAILABILITY = YES_AGGRESSIVE;
				CLANG_WARN_UNREACHABLE_CODE = YES;
				CLANG_WARN__DUPLICATE_METHOD_MATCH = YES;
				COPY_PHASE_STRIP = NO;
				DEBUG_INFORMATION_FORMAT = dwarf;
				ENABLE_STRICT_OBJC_MSGSEND = YES;
				ENABLE_TESTABILITY = YES;
				GCC_C_LANGUAGE_STANDARD = gnu11;
				GCC_DYNAMIC_NO_PIC = NO;
				GCC_NO_COMMON_BLOCKS = YES;
				GCC_OPTIMIZATION_LEVEL = 0;
				GCC_PREPROCESSOR_DEFINITIONS = (
					"DEBUG=1",
					"$(inherited)",
				);
				GCC_WARN_64_TO_32_BIT_CONVERSION = YES;
				GCC_WARN_ABOUT_RETURN_TYPE = YES_ERROR;
				GCC_WARN_UNDECLARED_SELECTOR = YES;
				GCC_WARN_UNINITIALIZED_AUTOS = YES_AGGRESSIVE;
				GCC_WARN_UNUSED_FUNCTION = YES;
				GCC_WARN_UNUSED_VARIABLE = YES;
				IPHONEOS_DEPLOYMENT_TARGET = 13.4;
				MTL_ENABLE_DEBUG_INFO = INCLUDE_SOURCE;
				MTL_FAST_MATH = YES;
				ONLY_ACTIVE_ARCH = YES;
				SDKROOT = iphoneos;
				SWIFT_ACTIVE_COMPILATION_CONDITIONS = DEBUG;
				SWIFT_OPTIMIZATION_LEVEL = "-Onone";
			};
			name = Debug;
		};
		1821E9B1246584FB006BA465 /* Release */ = {
			isa = XCBuildConfiguration;
			buildSettings = {
				ALWAYS_SEARCH_USER_PATHS = NO;
				CLANG_ANALYZER_NONNULL = YES;
				CLANG_ANALYZER_NUMBER_OBJECT_CONVERSION = YES_AGGRESSIVE;
				CLANG_CXX_LANGUAGE_STANDARD = "gnu++14";
				CLANG_CXX_LIBRARY = "libc++";
				CLANG_ENABLE_MODULES = YES;
				CLANG_ENABLE_OBJC_ARC = YES;
				CLANG_ENABLE_OBJC_WEAK = YES;
				CLANG_WARN_BLOCK_CAPTURE_AUTORELEASING = YES;
				CLANG_WARN_BOOL_CONVERSION = YES;
				CLANG_WARN_COMMA = YES;
				CLANG_WARN_CONSTANT_CONVERSION = YES;
				CLANG_WARN_DEPRECATED_OBJC_IMPLEMENTATIONS = YES;
				CLANG_WARN_DIRECT_OBJC_ISA_USAGE = YES_ERROR;
				CLANG_WARN_DOCUMENTATION_COMMENTS = YES;
				CLANG_WARN_EMPTY_BODY = YES;
				CLANG_WARN_ENUM_CONVERSION = YES;
				CLANG_WARN_INFINITE_RECURSION = YES;
				CLANG_WARN_INT_CONVERSION = YES;
				CLANG_WARN_NON_LITERAL_NULL_CONVERSION = YES;
				CLANG_WARN_OBJC_IMPLICIT_RETAIN_SELF = YES;
				CLANG_WARN_OBJC_LITERAL_CONVERSION = YES;
				CLANG_WARN_OBJC_ROOT_CLASS = YES_ERROR;
				CLANG_WARN_RANGE_LOOP_ANALYSIS = YES;
				CLANG_WARN_STRICT_PROTOTYPES = YES;
				CLANG_WARN_SUSPICIOUS_MOVE = YES;
				CLANG_WARN_UNGUARDED_AVAILABILITY = YES_AGGRESSIVE;
				CLANG_WARN_UNREACHABLE_CODE = YES;
				CLANG_WARN__DUPLICATE_METHOD_MATCH = YES;
				COPY_PHASE_STRIP = NO;
				DEBUG_INFORMATION_FORMAT = "dwarf-with-dsym";
				ENABLE_NS_ASSERTIONS = NO;
				ENABLE_STRICT_OBJC_MSGSEND = YES;
				GCC_C_LANGUAGE_STANDARD = gnu11;
				GCC_NO_COMMON_BLOCKS = YES;
				GCC_WARN_64_TO_32_BIT_CONVERSION = YES;
				GCC_WARN_ABOUT_RETURN_TYPE = YES_ERROR;
				GCC_WARN_UNDECLARED_SELECTOR = YES;
				GCC_WARN_UNINITIALIZED_AUTOS = YES_AGGRESSIVE;
				GCC_WARN_UNUSED_FUNCTION = YES;
				GCC_WARN_UNUSED_VARIABLE = YES;
				IPHONEOS_DEPLOYMENT_TARGET = 13.4;
				MTL_ENABLE_DEBUG_INFO = NO;
				MTL_FAST_MATH = YES;
				SDKROOT = iphoneos;
				SWIFT_COMPILATION_MODE = wholemodule;
				SWIFT_OPTIMIZATION_LEVEL = "-O";
				VALIDATE_PRODUCT = YES;
			};
			name = Release;
		};
		1821E9B3246584FB006BA465 /* Debug */ = {
			isa = XCBuildConfiguration;
			buildSettings = {
				ASSETCATALOG_COMPILER_APPICON_NAME = AppIcon;
				CODE_SIGN_STYLE = Automatic;
				DEVELOPMENT_TEAM = CFMS5Y826S;
				INFOPLIST_FILE = "ChinchillOut-GAM720/Template/Info.plist";
				IPHONEOS_DEPLOYMENT_TARGET = 11.0;
				LD_RUNPATH_SEARCH_PATHS = (
					"$(inherited)",
					"@executable_path/Frameworks",
				);
				PRODUCT_BUNDLE_IDENTIFIER = "com.rachelsaunders.ChinchillOut-GAM720";
				PRODUCT_NAME = "$(TARGET_NAME)";
				SWIFT_VERSION = 5.0;
				TARGETED_DEVICE_FAMILY = "1,2";
			};
			name = Debug;
		};
		1821E9B4246584FB006BA465 /* Release */ = {
			isa = XCBuildConfiguration;
			buildSettings = {
				ASSETCATALOG_COMPILER_APPICON_NAME = AppIcon;
				CODE_SIGN_STYLE = Automatic;
				DEVELOPMENT_TEAM = CFMS5Y826S;
				INFOPLIST_FILE = "ChinchillOut-GAM720/Template/Info.plist";
				IPHONEOS_DEPLOYMENT_TARGET = 11.0;
				LD_RUNPATH_SEARCH_PATHS = (
					"$(inherited)",
					"@executable_path/Frameworks",
				);
				PRODUCT_BUNDLE_IDENTIFIER = "com.rachelsaunders.ChinchillOut-GAM720";
				PRODUCT_NAME = "$(TARGET_NAME)";
				SWIFT_VERSION = 5.0;
				TARGETED_DEVICE_FAMILY = "1,2";
			};
			name = Release;
		};
/* End XCBuildConfiguration section */

/* Begin XCConfigurationList section */
		1821E995246584F9006BA465 /* Build configuration list for PBXProject "ChinchillOut-GAM720" */ = {
			isa = XCConfigurationList;
			buildConfigurations = (
				1821E9B0246584FB006BA465 /* Debug */,
				1821E9B1246584FB006BA465 /* Release */,
			);
			defaultConfigurationIsVisible = 0;
			defaultConfigurationName = Release;
		};
		1821E9B2246584FB006BA465 /* Build configuration list for PBXNativeTarget "ChinchillOut-GAM720" */ = {
			isa = XCConfigurationList;
			buildConfigurations = (
				1821E9B3246584FB006BA465 /* Debug */,
				1821E9B4246584FB006BA465 /* Release */,
			);
			defaultConfigurationIsVisible = 0;
			defaultConfigurationName = Release;
		};
/* End XCConfigurationList section */
	};
	rootObject = 1821E992246584F9006BA465 /* Project object */;
}
